// !$*UTF8*$!
{
	archiveVersion = 1;
	classes = {
	};
	objectVersion = 55;
	objects = {

/* Begin PBXBuildFile section */
		841CE9462742340C003EEF0F /* kino_transportsApp.swift in Sources */ = {isa = PBXBuildFile; fileRef = 841CE9452742340C003EEF0F /* kino_transportsApp.swift */; };
		841CE9482742340C003EEF0F /* SplashView.swift in Sources */ = {isa = PBXBuildFile; fileRef = 841CE9472742340C003EEF0F /* SplashView.swift */; };
		841CE94A2742340E003EEF0F /* Assets.xcassets in Resources */ = {isa = PBXBuildFile; fileRef = 841CE9492742340E003EEF0F /* Assets.xcassets */; };
		841CE94D2742340E003EEF0F /* Preview Assets.xcassets in Resources */ = {isa = PBXBuildFile; fileRef = 841CE94C2742340E003EEF0F /* Preview Assets.xcassets */; };
		841CE9572742340F003EEF0F /* kino_transportsTests.swift in Sources */ = {isa = PBXBuildFile; fileRef = 841CE9562742340F003EEF0F /* kino_transportsTests.swift */; };
		841CE9612742340F003EEF0F /* kino_transportsUITests.swift in Sources */ = {isa = PBXBuildFile; fileRef = 841CE9602742340F003EEF0F /* kino_transportsUITests.swift */; };
		841CE9632742340F003EEF0F /* kino_transportsUITestsLaunchTests.swift in Sources */ = {isa = PBXBuildFile; fileRef = 841CE9622742340F003EEF0F /* kino_transportsUITestsLaunchTests.swift */; };
		84845ACD2743019F00345E5D /* Poppins-Light.ttf in Resources */ = {isa = PBXBuildFile; fileRef = 84845AC82743019F00345E5D /* Poppins-Light.ttf */; };
		84845ACE2743019F00345E5D /* Poppins-Medium.ttf in Resources */ = {isa = PBXBuildFile; fileRef = 84845AC92743019F00345E5D /* Poppins-Medium.ttf */; };
		84845ACF2743019F00345E5D /* Poppins-Regular.ttf in Resources */ = {isa = PBXBuildFile; fileRef = 84845ACA2743019F00345E5D /* Poppins-Regular.ttf */; };
		84845AD02743019F00345E5D /* Poppins-Bold.ttf in Resources */ = {isa = PBXBuildFile; fileRef = 84845ACB2743019F00345E5D /* Poppins-Bold.ttf */; };
		84845AD12743019F00345E5D /* Poppins-SemiBold.ttf in Resources */ = {isa = PBXBuildFile; fileRef = 84845ACC2743019F00345E5D /* Poppins-SemiBold.ttf */; };
/* End PBXBuildFile section */

/* Begin PBXContainerItemProxy section */
		841CE9532742340F003EEF0F /* PBXContainerItemProxy */ = {
			isa = PBXContainerItemProxy;
			containerPortal = 841CE93A2742340C003EEF0F /* Project object */;
			proxyType = 1;
			remoteGlobalIDString = 841CE9412742340C003EEF0F;
			remoteInfo = "kino-transports";
		};
		841CE95D2742340F003EEF0F /* PBXContainerItemProxy */ = {
			isa = PBXContainerItemProxy;
			containerPortal = 841CE93A2742340C003EEF0F /* Project object */;
			proxyType = 1;
			remoteGlobalIDString = 841CE9412742340C003EEF0F;
			remoteInfo = "kino-transports";
		};
/* End PBXContainerItemProxy section */

/* Begin PBXFileReference section */
		841CE9422742340C003EEF0F /* kino-transports.app */ = {isa = PBXFileReference; explicitFileType = wrapper.application; includeInIndex = 0; path = "kino-transports.app"; sourceTree = BUILT_PRODUCTS_DIR; };
		841CE9452742340C003EEF0F /* kino_transportsApp.swift */ = {isa = PBXFileReference; lastKnownFileType = sourcecode.swift; path = kino_transportsApp.swift; sourceTree = "<group>"; };
		841CE9472742340C003EEF0F /* SplashView.swift */ = {isa = PBXFileReference; lastKnownFileType = sourcecode.swift; path = SplashView.swift; sourceTree = "<group>"; };
		841CE9492742340E003EEF0F /* Assets.xcassets */ = {isa = PBXFileReference; lastKnownFileType = folder.assetcatalog; path = Assets.xcassets; sourceTree = "<group>"; };
		841CE94C2742340E003EEF0F /* Preview Assets.xcassets */ = {isa = PBXFileReference; lastKnownFileType = folder.assetcatalog; path = "Preview Assets.xcassets"; sourceTree = "<group>"; };
		841CE9522742340F003EEF0F /* kino-transportsTests.xctest */ = {isa = PBXFileReference; explicitFileType = wrapper.cfbundle; includeInIndex = 0; path = "kino-transportsTests.xctest"; sourceTree = BUILT_PRODUCTS_DIR; };
		841CE9562742340F003EEF0F /* kino_transportsTests.swift */ = {isa = PBXFileReference; lastKnownFileType = sourcecode.swift; path = kino_transportsTests.swift; sourceTree = "<group>"; };
		841CE95C2742340F003EEF0F /* kino-transportsUITests.xctest */ = {isa = PBXFileReference; explicitFileType = wrapper.cfbundle; includeInIndex = 0; path = "kino-transportsUITests.xctest"; sourceTree = BUILT_PRODUCTS_DIR; };
		841CE9602742340F003EEF0F /* kino_transportsUITests.swift */ = {isa = PBXFileReference; lastKnownFileType = sourcecode.swift; path = kino_transportsUITests.swift; sourceTree = "<group>"; };
		841CE9622742340F003EEF0F /* kino_transportsUITestsLaunchTests.swift */ = {isa = PBXFileReference; lastKnownFileType = sourcecode.swift; path = kino_transportsUITestsLaunchTests.swift; sourceTree = "<group>"; };
		84845AC62742FFA800345E5D /* Info.plist */ = {isa = PBXFileReference; lastKnownFileType = text.plist; path = Info.plist; sourceTree = "<group>"; };
		84845AC82743019F00345E5D /* Poppins-Light.ttf */ = {isa = PBXFileReference; lastKnownFileType = file; path = "Poppins-Light.ttf"; sourceTree = "<group>"; };
		84845AC92743019F00345E5D /* Poppins-Medium.ttf */ = {isa = PBXFileReference; lastKnownFileType = file; path = "Poppins-Medium.ttf"; sourceTree = "<group>"; };
		84845ACA2743019F00345E5D /* Poppins-Regular.ttf */ = {isa = PBXFileReference; lastKnownFileType = file; path = "Poppins-Regular.ttf"; sourceTree = "<group>"; };
		84845ACB2743019F00345E5D /* Poppins-Bold.ttf */ = {isa = PBXFileReference; lastKnownFileType = file; path = "Poppins-Bold.ttf"; sourceTree = "<group>"; };
		84845ACC2743019F00345E5D /* Poppins-SemiBold.ttf */ = {isa = PBXFileReference; lastKnownFileType = file; path = "Poppins-SemiBold.ttf"; sourceTree = "<group>"; };
/* End PBXFileReference section */

/* Begin PBXFrameworksBuildPhase section */
		841CE93F2742340C003EEF0F /* Frameworks */ = {
			isa = PBXFrameworksBuildPhase;
			buildActionMask = 2147483647;
			files = (
			);
			runOnlyForDeploymentPostprocessing = 0;
		};
		841CE94F2742340F003EEF0F /* Frameworks */ = {
			isa = PBXFrameworksBuildPhase;
			buildActionMask = 2147483647;
			files = (
			);
			runOnlyForDeploymentPostprocessing = 0;
		};
		841CE9592742340F003EEF0F /* Frameworks */ = {
			isa = PBXFrameworksBuildPhase;
			buildActionMask = 2147483647;
			files = (
			);
			runOnlyForDeploymentPostprocessing = 0;
		};
/* End PBXFrameworksBuildPhase section */

/* Begin PBXGroup section */
		841CE9392742340C003EEF0F = {
			isa = PBXGroup;
			children = (
				841CE9442742340C003EEF0F /* kino-transports */,
				841CE9552742340F003EEF0F /* kino-transportsTests */,
				841CE95F2742340F003EEF0F /* kino-transportsUITests */,
				841CE9432742340C003EEF0F /* Products */,
			);
			sourceTree = "<group>";
		};
		841CE9432742340C003EEF0F /* Products */ = {
			isa = PBXGroup;
			children = (
				841CE9422742340C003EEF0F /* kino-transports.app */,
				841CE9522742340F003EEF0F /* kino-transportsTests.xctest */,
				841CE95C2742340F003EEF0F /* kino-transportsUITests.xctest */,
			);
			name = Products;
			sourceTree = "<group>";
		};
		841CE9442742340C003EEF0F /* kino-transports */ = {
			isa = PBXGroup;
			children = (
				84845AC62742FFA800345E5D /* Info.plist */,
				841CE9452742340C003EEF0F /* kino_transportsApp.swift */,
				841CE9472742340C003EEF0F /* SplashView.swift */,
				841CE9492742340E003EEF0F /* Assets.xcassets */,
				84845AC72743019F00345E5D /* Poppins */,
				841CE94B2742340E003EEF0F /* Preview Content */,
			);
			path = "kino-transports";
			sourceTree = "<group>";
		};
		841CE94B2742340E003EEF0F /* Preview Content */ = {
			isa = PBXGroup;
			children = (
				841CE94C2742340E003EEF0F /* Preview Assets.xcassets */,
			);
			path = "Preview Content";
			sourceTree = "<group>";
		};
		841CE9552742340F003EEF0F /* kino-transportsTests */ = {
			isa = PBXGroup;
			children = (
				841CE9562742340F003EEF0F /* kino_transportsTests.swift */,
			);
			path = "kino-transportsTests";
			sourceTree = "<group>";
		};
		841CE95F2742340F003EEF0F /* kino-transportsUITests */ = {
			isa = PBXGroup;
			children = (
				841CE9602742340F003EEF0F /* kino_transportsUITests.swift */,
				841CE9622742340F003EEF0F /* kino_transportsUITestsLaunchTests.swift */,
			);
			path = "kino-transportsUITests";
			sourceTree = "<group>";
		};
		84845AC72743019F00345E5D /* Poppins */ = {
			isa = PBXGroup;
			children = (
				84845AC82743019F00345E5D /* Poppins-Light.ttf */,
				84845AC92743019F00345E5D /* Poppins-Medium.ttf */,
				84845ACA2743019F00345E5D /* Poppins-Regular.ttf */,
				84845ACB2743019F00345E5D /* Poppins-Bold.ttf */,
				84845ACC2743019F00345E5D /* Poppins-SemiBold.ttf */,
			);
			path = Poppins;
			sourceTree = "<group>";
		};
/* End PBXGroup section */

/* Begin PBXNativeTarget section */
		841CE9412742340C003EEF0F /* kino-transports */ = {
			isa = PBXNativeTarget;
			buildConfigurationList = 841CE9662742340F003EEF0F /* Build configuration list for PBXNativeTarget "kino-transports" */;
			buildPhases = (
				841CE93E2742340C003EEF0F /* Sources */,
				841CE93F2742340C003EEF0F /* Frameworks */,
				841CE9402742340C003EEF0F /* Resources */,
			);
			buildRules = (
			);
			dependencies = (
			);
			name = "kino-transports";
			productName = "kino-transports";
			productReference = 841CE9422742340C003EEF0F /* kino-transports.app */;
			productType = "com.apple.product-type.application";
		};
		841CE9512742340F003EEF0F /* kino-transportsTests */ = {
			isa = PBXNativeTarget;
			buildConfigurationList = 841CE9692742340F003EEF0F /* Build configuration list for PBXNativeTarget "kino-transportsTests" */;
			buildPhases = (
				841CE94E2742340F003EEF0F /* Sources */,
				841CE94F2742340F003EEF0F /* Frameworks */,
				841CE9502742340F003EEF0F /* Resources */,
			);
			buildRules = (
			);
			dependencies = (
				841CE9542742340F003EEF0F /* PBXTargetDependency */,
			);
			name = "kino-transportsTests";
			productName = "kino-transportsTests";
			productReference = 841CE9522742340F003EEF0F /* kino-transportsTests.xctest */;
			productType = "com.apple.product-type.bundle.unit-test";
		};
		841CE95B2742340F003EEF0F /* kino-transportsUITests */ = {
			isa = PBXNativeTarget;
			buildConfigurationList = 841CE96C2742340F003EEF0F /* Build configuration list for PBXNativeTarget "kino-transportsUITests" */;
			buildPhases = (
				841CE9582742340F003EEF0F /* Sources */,
				841CE9592742340F003EEF0F /* Frameworks */,
				841CE95A2742340F003EEF0F /* Resources */,
			);
			buildRules = (
			);
			dependencies = (
				841CE95E2742340F003EEF0F /* PBXTargetDependency */,
			);
			name = "kino-transportsUITests";
			productName = "kino-transportsUITests";
			productReference = 841CE95C2742340F003EEF0F /* kino-transportsUITests.xctest */;
			productType = "com.apple.product-type.bundle.ui-testing";
		};
/* End PBXNativeTarget section */

/* Begin PBXProject section */
		841CE93A2742340C003EEF0F /* Project object */ = {
			isa = PBXProject;
			attributes = {
				BuildIndependentTargetsInParallel = 1;
				LastSwiftUpdateCheck = 1310;
				LastUpgradeCheck = 1310;
				TargetAttributes = {
					841CE9412742340C003EEF0F = {
						CreatedOnToolsVersion = 13.1;
					};
					841CE9512742340F003EEF0F = {
						CreatedOnToolsVersion = 13.1;
						TestTargetID = 841CE9412742340C003EEF0F;
					};
					841CE95B2742340F003EEF0F = {
						CreatedOnToolsVersion = 13.1;
						TestTargetID = 841CE9412742340C003EEF0F;
					};
				};
			};
			buildConfigurationList = 841CE93D2742340C003EEF0F /* Build configuration list for PBXProject "kino-transports" */;
			compatibilityVersion = "Xcode 13.0";
			developmentRegion = en;
			hasScannedForEncodings = 0;
			knownRegions = (
				en,
				Base,
			);
			mainGroup = 841CE9392742340C003EEF0F;
			productRefGroup = 841CE9432742340C003EEF0F /* Products */;
			projectDirPath = "";
			projectRoot = "";
			targets = (
				841CE9412742340C003EEF0F /* kino-transports */,
				841CE9512742340F003EEF0F /* kino-transportsTests */,
				841CE95B2742340F003EEF0F /* kino-transportsUITests */,
			);
		};
/* End PBXProject section */

/* Begin PBXResourcesBuildPhase section */
		841CE9402742340C003EEF0F /* Resources */ = {
			isa = PBXResourcesBuildPhase;
			buildActionMask = 2147483647;
			files = (
				841CE94D2742340E003EEF0F /* Preview Assets.xcassets in Resources */,
				84845AD12743019F00345E5D /* Poppins-SemiBold.ttf in Resources */,
				84845AD02743019F00345E5D /* Poppins-Bold.ttf in Resources */,
				84845ACE2743019F00345E5D /* Poppins-Medium.ttf in Resources */,
				84845ACD2743019F00345E5D /* Poppins-Light.ttf in Resources */,
				841CE94A2742340E003EEF0F /* Assets.xcassets in Resources */,
				84845ACF2743019F00345E5D /* Poppins-Regular.ttf in Resources */,
			);
			runOnlyForDeploymentPostprocessing = 0;
		};
		841CE9502742340F003EEF0F /* Resources */ = {
			isa = PBXResourcesBuildPhase;
			buildActionMask = 2147483647;
			files = (
			);
			runOnlyForDeploymentPostprocessing = 0;
		};
		841CE95A2742340F003EEF0F /* Resources */ = {
			isa = PBXResourcesBuildPhase;
			buildActionMask = 2147483647;
			files = (
			);
			runOnlyForDeploymentPostprocessing = 0;
		};
/* End PBXResourcesBuildPhase section */

/* Begin PBXSourcesBuildPhase section */
		841CE93E2742340C003EEF0F /* Sources */ = {
			isa = PBXSourcesBuildPhase;
			buildActionMask = 2147483647;
			files = (
				841CE9482742340C003EEF0F /* SplashView.swift in Sources */,
				841CE9462742340C003EEF0F /* kino_transportsApp.swift in Sources */,
			);
			runOnlyForDeploymentPostprocessing = 0;
		};
		841CE94E2742340F003EEF0F /* Sources */ = {
			isa = PBXSourcesBuildPhase;
			buildActionMask = 2147483647;
			files = (
				841CE9572742340F003EEF0F /* kino_transportsTests.swift in Sources */,
			);
			runOnlyForDeploymentPostprocessing = 0;
		};
		841CE9582742340F003EEF0F /* Sources */ = {
			isa = PBXSourcesBuildPhase;
			buildActionMask = 2147483647;
			files = (
				841CE9612742340F003EEF0F /* kino_transportsUITests.swift in Sources */,
				841CE9632742340F003EEF0F /* kino_transportsUITestsLaunchTests.swift in Sources */,
			);
			runOnlyForDeploymentPostprocessing = 0;
		};
/* End PBXSourcesBuildPhase section */

/* Begin PBXTargetDependency section */
		841CE9542742340F003EEF0F /* PBXTargetDependency */ = {
			isa = PBXTargetDependency;
			target = 841CE9412742340C003EEF0F /* kino-transports */;
			targetProxy = 841CE9532742340F003EEF0F /* PBXContainerItemProxy */;
		};
		841CE95E2742340F003EEF0F /* PBXTargetDependency */ = {
			isa = PBXTargetDependency;
			target = 841CE9412742340C003EEF0F /* kino-transports */;
			targetProxy = 841CE95D2742340F003EEF0F /* PBXContainerItemProxy */;
		};
/* End PBXTargetDependency section */

/* Begin XCBuildConfiguration section */
		841CE9642742340F003EEF0F /* Debug */ = {
			isa = XCBuildConfiguration;
			buildSettings = {
				ALWAYS_SEARCH_USER_PATHS = NO;
				CLANG_ANALYZER_NONNULL = YES;
				CLANG_ANALYZER_NUMBER_OBJECT_CONVERSION = YES_AGGRESSIVE;
				CLANG_CXX_LANGUAGE_STANDARD = "gnu++17";
				CLANG_CXX_LIBRARY = "libc++";
				CLANG_ENABLE_MODULES = YES;
				CLANG_ENABLE_OBJC_ARC = YES;
				CLANG_ENABLE_OBJC_WEAK = YES;
				CLANG_WARN_BLOCK_CAPTURE_AUTORELEASING = YES;
				CLANG_WARN_BOOL_CONVERSION = YES;
				CLANG_WARN_COMMA = YES;
				CLANG_WARN_CONSTANT_CONVERSION = YES;
				CLANG_WARN_DEPRECATED_OBJC_IMPLEMENTATIONS = YES;
				CLANG_WARN_DIRECT_OBJC_ISA_USAGE = YES_ERROR;
				CLANG_WARN_DOCUMENTATION_COMMENTS = YES;
				CLANG_WARN_EMPTY_BODY = YES;
				CLANG_WARN_ENUM_CONVERSION = YES;
				CLANG_WARN_INFINITE_RECURSION = YES;
				CLANG_WARN_INT_CONVERSION = YES;
				CLANG_WARN_NON_LITERAL_NULL_CONVERSION = YES;
				CLANG_WARN_OBJC_IMPLICIT_RETAIN_SELF = YES;
				CLANG_WARN_OBJC_LITERAL_CONVERSION = YES;
				CLANG_WARN_OBJC_ROOT_CLASS = YES_ERROR;
				CLANG_WARN_QUOTED_INCLUDE_IN_FRAMEWORK_HEADER = YES;
				CLANG_WARN_RANGE_LOOP_ANALYSIS = YES;
				CLANG_WARN_STRICT_PROTOTYPES = YES;
				CLANG_WARN_SUSPICIOUS_MOVE = YES;
				CLANG_WARN_UNGUARDED_AVAILABILITY = YES_AGGRESSIVE;
				CLANG_WARN_UNREACHABLE_CODE = YES;
				CLANG_WARN__DUPLICATE_METHOD_MATCH = YES;
				COPY_PHASE_STRIP = NO;
				DEBUG_INFORMATION_FORMAT = dwarf;
				ENABLE_STRICT_OBJC_MSGSEND = YES;
				ENABLE_TESTABILITY = YES;
				GCC_C_LANGUAGE_STANDARD = gnu11;
				GCC_DYNAMIC_NO_PIC = NO;
				GCC_NO_COMMON_BLOCKS = YES;
				GCC_OPTIMIZATION_LEVEL = 0;
				GCC_PREPROCESSOR_DEFINITIONS = (
					"DEBUG=1",
					"$(inherited)",
				);
				GCC_WARN_64_TO_32_BIT_CONVERSION = YES;
				GCC_WARN_ABOUT_RETURN_TYPE = YES_ERROR;
				GCC_WARN_UNDECLARED_SELECTOR = YES;
				GCC_WARN_UNINITIALIZED_AUTOS = YES_AGGRESSIVE;
				GCC_WARN_UNUSED_FUNCTION = YES;
				GCC_WARN_UNUSED_VARIABLE = YES;
				IPHONEOS_DEPLOYMENT_TARGET = 15.0;
				MTL_ENABLE_DEBUG_INFO = INCLUDE_SOURCE;
				MTL_FAST_MATH = YES;
				ONLY_ACTIVE_ARCH = YES;
				SDKROOT = iphoneos;
				SWIFT_ACTIVE_COMPILATION_CONDITIONS = DEBUG;
				SWIFT_OPTIMIZATION_LEVEL = "-Onone";
			};
			name = Debug;
		};
		841CE9652742340F003EEF0F /* Release */ = {
			isa = XCBuildConfiguration;
			buildSettings = {
				ALWAYS_SEARCH_USER_PATHS = NO;
				CLANG_ANALYZER_NONNULL = YES;
				CLANG_ANALYZER_NUMBER_OBJECT_CONVERSION = YES_AGGRESSIVE;
				CLANG_CXX_LANGUAGE_STANDARD = "gnu++17";
				CLANG_CXX_LIBRARY = "libc++";
				CLANG_ENABLE_MODULES = YES;
				CLANG_ENABLE_OBJC_ARC = YES;
				CLANG_ENABLE_OBJC_WEAK = YES;
				CLANG_WARN_BLOCK_CAPTURE_AUTORELEASING = YES;
				CLANG_WARN_BOOL_CONVERSION = YES;
				CLANG_WARN_COMMA = YES;
				CLANG_WARN_CONSTANT_CONVERSION = YES;
				CLANG_WARN_DEPRECATED_OBJC_IMPLEMENTATIONS = YES;
				CLANG_WARN_DIRECT_OBJC_ISA_USAGE = YES_ERROR;
				CLANG_WARN_DOCUMENTATION_COMMENTS = YES;
				CLANG_WARN_EMPTY_BODY = YES;
				CLANG_WARN_ENUM_CONVERSION = YES;
				CLANG_WARN_INFINITE_RECURSION = YES;
				CLANG_WARN_INT_CONVERSION = YES;
				CLANG_WARN_NON_LITERAL_NULL_CONVERSION = YES;
				CLANG_WARN_OBJC_IMPLICIT_RETAIN_SELF = YES;
				CLANG_WARN_OBJC_LITERAL_CONVERSION = YES;
				CLANG_WARN_OBJC_ROOT_CLASS = YES_ERROR;
				CLANG_WARN_QUOTED_INCLUDE_IN_FRAMEWORK_HEADER = YES;
				CLANG_WARN_RANGE_LOOP_ANALYSIS = YES;
				CLANG_WARN_STRICT_PROTOTYPES = YES;
				CLANG_WARN_SUSPICIOUS_MOVE = YES;
				CLANG_WARN_UNGUARDED_AVAILABILITY = YES_AGGRESSIVE;
				CLANG_WARN_UNREACHABLE_CODE = YES;
				CLANG_WARN__DUPLICATE_METHOD_MATCH = YES;
				COPY_PHASE_STRIP = NO;
				DEBUG_INFORMATION_FORMAT = "dwarf-with-dsym";
				ENABLE_NS_ASSERTIONS = NO;
				ENABLE_STRICT_OBJC_MSGSEND = YES;
				GCC_C_LANGUAGE_STANDARD = gnu11;
				GCC_NO_COMMON_BLOCKS = YES;
				GCC_WARN_64_TO_32_BIT_CONVERSION = YES;
				GCC_WARN_ABOUT_RETURN_TYPE = YES_ERROR;
				GCC_WARN_UNDECLARED_SELECTOR = YES;
				GCC_WARN_UNINITIALIZED_AUTOS = YES_AGGRESSIVE;
				GCC_WARN_UNUSED_FUNCTION = YES;
				GCC_WARN_UNUSED_VARIABLE = YES;
				IPHONEOS_DEPLOYMENT_TARGET = 15.0;
				MTL_ENABLE_DEBUG_INFO = NO;
				MTL_FAST_MATH = YES;
				SDKROOT = iphoneos;
				SWIFT_COMPILATION_MODE = wholemodule;
				SWIFT_OPTIMIZATION_LEVEL = "-O";
				VALIDATE_PRODUCT = YES;
			};
			name = Release;
		};
		841CE9672742340F003EEF0F /* Debug */ = {
			isa = XCBuildConfiguration;
			buildSettings = {
				ASSETCATALOG_COMPILER_APPICON_NAME = AppIcon;
				ASSETCATALOG_COMPILER_GLOBAL_ACCENT_COLOR_NAME = AccentColor;
				CODE_SIGN_STYLE = Automatic;
				CURRENT_PROJECT_VERSION = 1;
				DEVELOPMENT_ASSET_PATHS = "\"kino-transports/Preview Content\"";
				DEVELOPMENT_TEAM = PQB4W7P768;
				ENABLE_PREVIEWS = YES;
				GENERATE_INFOPLIST_FILE = YES;
				INFOPLIST_FILE = "kino-transports/Info.plist";
				INFOPLIST_KEY_UIApplicationSceneManifest_Generation = YES;
				INFOPLIST_KEY_UIApplicationSupportsIndirectInputEvents = YES;
				INFOPLIST_KEY_UILaunchScreen_Generation = YES;
				INFOPLIST_KEY_UISupportedInterfaceOrientations_iPad = "UIInterfaceOrientationPortrait UIInterfaceOrientationPortraitUpsideDown UIInterfaceOrientationLandscapeLeft UIInterfaceOrientationLandscapeRight";
				INFOPLIST_KEY_UISupportedInterfaceOrientations_iPhone = "UIInterfaceOrientationPortrait UIInterfaceOrientationLandscapeLeft UIInterfaceOrientationLandscapeRight";
				IPHONEOS_DEPLOYMENT_TARGET = 15.0;
				LD_RUNPATH_SEARCH_PATHS = (
					"$(inherited)",
					"@executable_path/Frameworks",
				);
				MARKETING_VERSION = 1.0;
				PRODUCT_BUNDLE_IDENTIFIER = "kino.kino-transports";
				PRODUCT_NAME = "$(TARGET_NAME)";
				SWIFT_EMIT_LOC_STRINGS = YES;
				SWIFT_VERSION = 5.0;
				TARGETED_DEVICE_FAMILY = "1,2";
			};
			name = Debug;
		};
		841CE9682742340F003EEF0F /* Release */ = {
			isa = XCBuildConfiguration;
			buildSettings = {
				ASSETCATALOG_COMPILER_APPICON_NAME = AppIcon;
				ASSETCATALOG_COMPILER_GLOBAL_ACCENT_COLOR_NAME = AccentColor;
				CODE_SIGN_STYLE = Automatic;
				CURRENT_PROJECT_VERSION = 1;
				DEVELOPMENT_ASSET_PATHS = "\"kino-transports/Preview Content\"";
				DEVELOPMENT_TEAM = PQB4W7P768;
				ENABLE_PREVIEWS = YES;
				GENERATE_INFOPLIST_FILE = YES;
				INFOPLIST_FILE = "kino-transports/Info.plist";
				INFOPLIST_KEY_UIApplicationSceneManifest_Generation = YES;
				INFOPLIST_KEY_UIApplicationSupportsIndirectInputEvents = YES;
				INFOPLIST_KEY_UILaunchScreen_Generation = YES;
				INFOPLIST_KEY_UISupportedInterfaceOrientations_iPad = "UIInterfaceOrientationPortrait UIInterfaceOrientationPortraitUpsideDown UIInterfaceOrientationLandscapeLeft UIInterfaceOrientationLandscapeRight";
				INFOPLIST_KEY_UISupportedInterfaceOrientations_iPhone = "UIInterfaceOrientationPortrait UIInterfaceOrientationLandscapeLeft UIInterfaceOrientationLandscapeRight";
				IPHONEOS_DEPLOYMENT_TARGET = 15.0;
				LD_RUNPATH_SEARCH_PATHS = (
					"$(inherited)",
					"@executable_path/Frameworks",
				);
				MARKETING_VERSION = 1.0;
				PRODUCT_BUNDLE_IDENTIFIER = "kino.kino-transports";
				PRODUCT_NAME = "$(TARGET_NAME)";
				SWIFT_EMIT_LOC_STRINGS = YES;
				SWIFT_VERSION = 5.0;
				TARGETED_DEVICE_FAMILY = "1,2";
			};
			name = Release;
		};
		841CE96A2742340F003EEF0F /* Debug */ = {
			isa = XCBuildConfiguration;
			buildSettings = {
				ALWAYS_EMBED_SWIFT_STANDARD_LIBRARIES = YES;
				BUNDLE_LOADER = "$(TEST_HOST)";
				CODE_SIGN_STYLE = Automatic;
				CURRENT_PROJECT_VERSION = 1;
				DEVELOPMENT_TEAM = PQB4W7P768;
				GENERATE_INFOPLIST_FILE = YES;
				IPHONEOS_DEPLOYMENT_TARGET = 15.0;
				LD_RUNPATH_SEARCH_PATHS = (
					"$(inherited)",
					"@executable_path/Frameworks",
					"@loader_path/Frameworks",
				);
				MARKETING_VERSION = 1.0;
				PRODUCT_BUNDLE_IDENTIFIER = "kino.kino-transportsTests";
				PRODUCT_NAME = "$(TARGET_NAME)";
				SWIFT_EMIT_LOC_STRINGS = NO;
				SWIFT_VERSION = 5.0;
				TARGETED_DEVICE_FAMILY = "1,2";
				TEST_HOST = "$(BUILT_PRODUCTS_DIR)/kino-transports.app/kino-transports";
			};
			name = Debug;
		};
		841CE96B2742340F003EEF0F /* Release */ = {
			isa = XCBuildConfiguration;
			buildSettings = {
				ALWAYS_EMBED_SWIFT_STANDARD_LIBRARIES = YES;
				BUNDLE_LOADER = "$(TEST_HOST)";
				CODE_SIGN_STYLE = Automatic;
				CURRENT_PROJECT_VERSION = 1;
				DEVELOPMENT_TEAM = PQB4W7P768;
				GENERATE_INFOPLIST_FILE = YES;
				IPHONEOS_DEPLOYMENT_TARGET = 15.0;
				LD_RUNPATH_SEARCH_PATHS = (
					"$(inherited)",
					"@executable_path/Frameworks",
					"@loader_path/Frameworks",
				);
				MARKETING_VERSION = 1.0;
				PRODUCT_BUNDLE_IDENTIFIER = "kino.kino-transportsTests";
				PRODUCT_NAME = "$(TARGET_NAME)";
				SWIFT_EMIT_LOC_STRINGS = NO;
				SWIFT_VERSION = 5.0;
				TARGETED_DEVICE_FAMILY = "1,2";
				TEST_HOST = "$(BUILT_PRODUCTS_DIR)/kino-transports.app/kino-transports";
			};
			name = Release;
		};
		841CE96D2742340F003EEF0F /* Debug */ = {
			isa = XCBuildConfiguration;
			buildSettings = {
				ALWAYS_EMBED_SWIFT_STANDARD_LIBRARIES = YES;
				CODE_SIGN_STYLE = Automatic;
				CURRENT_PROJECT_VERSION = 1;
				DEVELOPMENT_TEAM = PQB4W7P768;
				GENERATE_INFOPLIST_FILE = YES;
				LD_RUNPATH_SEARCH_PATHS = (
					"$(inherited)",
					"@executable_path/Frameworks",
					"@loader_path/Frameworks",
				);
				MARKETING_VERSION = 1.0;
				PRODUCT_BUNDLE_IDENTIFIER = "kino.kino-transportsUITests";
				PRODUCT_NAME = "$(TARGET_NAME)";
				SWIFT_EMIT_LOC_STRINGS = NO;
				SWIFT_VERSION = 5.0;
				TARGETED_DEVICE_FAMILY = "1,2";
				TEST_TARGET_NAME = "kino-transports";
			};
			name = Debug;
		};
		841CE96E2742340F003EEF0F /* Release */ = {
			isa = XCBuildConfiguration;
			buildSettings = {
				ALWAYS_EMBED_SWIFT_STANDARD_LIBRARIES = YES;
				CODE_SIGN_STYLE = Automatic;
				CURRENT_PROJECT_VERSION = 1;
				DEVELOPMENT_TEAM = PQB4W7P768;
				GENERATE_INFOPLIST_FILE = YES;
				LD_RUNPATH_SEARCH_PATHS = (
					"$(inherited)",
					"@executable_path/Frameworks",
					"@loader_path/Frameworks",
				);
				MARKETING_VERSION = 1.0;
				PRODUCT_BUNDLE_IDENTIFIER = "kino.kino-transportsUITests";
				PRODUCT_NAME = "$(TARGET_NAME)";
				SWIFT_EMIT_LOC_STRINGS = NO;
				SWIFT_VERSION = 5.0;
				TARGETED_DEVICE_FAMILY = "1,2";
				TEST_TARGET_NAME = "kino-transports";
			};
			name = Release;
		};
/* End XCBuildConfiguration section */

/* Begin XCConfigurationList section */
		841CE93D2742340C003EEF0F /* Build configuration list for PBXProject "kino-transports" */ = {
			isa = XCConfigurationList;
			buildConfigurations = (
				841CE9642742340F003EEF0F /* Debug */,
				841CE9652742340F003EEF0F /* Release */,
			);
			defaultConfigurationIsVisible = 0;
			defaultConfigurationName = Release;
		};
		841CE9662742340F003EEF0F /* Build configuration list for PBXNativeTarget "kino-transports" */ = {
			isa = XCConfigurationList;
			buildConfigurations = (
				841CE9672742340F003EEF0F /* Debug */,
				841CE9682742340F003EEF0F /* Release */,
			);
			defaultConfigurationIsVisible = 0;
			defaultConfigurationName = Release;
		};
		841CE9692742340F003EEF0F /* Build configuration list for PBXNativeTarget "kino-transportsTests" */ = {
			isa = XCConfigurationList;
			buildConfigurations = (
				841CE96A2742340F003EEF0F /* Debug */,
				841CE96B2742340F003EEF0F /* Release */,
			);
			defaultConfigurationIsVisible = 0;
			defaultConfigurationName = Release;
		};
		841CE96C2742340F003EEF0F /* Build configuration list for PBXNativeTarget "kino-transportsUITests" */ = {
			isa = XCConfigurationList;
			buildConfigurations = (
				841CE96D2742340F003EEF0F /* Debug */,
				841CE96E2742340F003EEF0F /* Release */,
			);
			defaultConfigurationIsVisible = 0;
			defaultConfigurationName = Release;
		};
/* End XCConfigurationList section */
	};
	rootObject = 841CE93A2742340C003EEF0F /* Project object */;
}
